
Microsoft Visual Studio Solution File, Format Version 12.00
# Visual Studio Version 17
VisualStudioVersion = 17.10.35122.118
MinimumVisualStudioVersion = 10.0.40219.1
Project("{FAE04EC0-301F-11D3-BF4B-00C04F79EFBC}") = "hh_db", "hh_db.csproj", "{A949F8D2-421F-49FF-9C46-C7257BFC330F}"
EndProject
Global
	GlobalSection(SolutionConfigurationPlatforms) = preSolution
		Debug|Any CPU = Debug|Any CPU
		Release|Any CPU = Release|Any CPU
	EndGlobalSection
	GlobalSection(ProjectConfigurationPlatforms) = postSolution
		{A949F8D2-421F-49FF-9C46-C7257BFC330F}.Debug|Any CPU.ActiveCfg = Debug|Any CPU
		{A949F8D2-421F-49FF-9C46-C7257BFC330F}.Debug|Any CPU.Build.0 = Debug|Any CPU
		{A949F8D2-421F-49FF-9C46-C7257BFC330F}.Release|Any CPU.ActiveCfg = Release|Any CPU
		{A949F8D2-421F-49FF-9C46-C7257BFC330F}.Release|Any CPU.Build.0 = Release|Any CPU
	EndGlobalSection
	GlobalSection(SolutionProperties) = preSolution
		HideSolutionNode = FALSE
	EndGlobalSection
	GlobalSection(ExtensibilityGlobals) = postSolution
		SolutionGuid = {CDB8E4C8-39C1-416D-BC76-F4677A0B4227}
	EndGlobalSection
EndGlobal
